{
  "version": 4,
  "terraform_version": "0.12.29",
  "serial": 256,
  "lineage": "5347e55d-0e34-5a89-642e-daaedc38c43b",
  "outputs": {
    "asg_name": {
      "value": "web-tier-asg",
      "type": "string"
    },
    "elb_name": {
      "value": "web-tier-lb-685680400.us-west-1.elb.amazonaws.com",
      "type": "string"
    },
    "launch_configuration": {
      "value": "web-tier-lc",
      "type": "string"
    },
    "security_group": {
      "value": "sg-0777574d96255e94a",
      "type": "string"
    }
  },
  "resources": [
    {
      "mode": "managed",
      "type": "aws_autoscaling_attachment",
      "name": "web-tier-target-attachment",
      "provider": "provider.aws",
      "instances": [
        {
          "schema_version": 0,
          "attributes": {
            "alb_target_group_arn": "arn:aws:elasticloadbalancing:us-west-1:889473501810:targetgroup/web-tier-tg/046cbeee3eea5818",
            "autoscaling_group_name": "web-tier-asg",
            "elb": null,
            "id": "web-tier-asg-20200901220355973400000002"
          },
          "private": "bnVsbA==",
          "dependencies": [
            "aws_autoscaling_group.web-tier-asg",
            "aws_iam_instance_profile.s3-profile",
            "aws_iam_role.s3-role",
            "aws_launch_configuration.web-tier-lc",
            "aws_lb_target_group.web-tier-tg",
            "aws_security_group.web-tier-sg"
          ]
        }
      ]
    },
    {
      "mode": "managed",
      "type": "aws_autoscaling_group",
      "name": "web-tier-asg",
      "provider": "provider.aws",
      "instances": [
        {
          "schema_version": 0,
          "attributes": {
            "arn": "arn:aws:autoscaling:us-west-1:889473501810:autoScalingGroup:c4b950f8-8511-4c53-b538-5cc2d82c9542:autoScalingGroupName/web-tier-asg",
            "availability_zones": [
              "us-west-1a",
              "us-west-1b"
            ],
            "default_cooldown": 300,
            "desired_capacity": 1,
            "enabled_metrics": null,
            "force_delete": false,
            "health_check_grace_period": 300,
            "health_check_type": "EC2",
            "id": "web-tier-asg",
            "initial_lifecycle_hook": [],
            "launch_configuration": "web-tier-lc",
            "launch_template": [],
            "load_balancers": null,
            "max_instance_lifetime": 0,
            "max_size": 2,
            "metrics_granularity": "1Minute",
            "min_elb_capacity": null,
            "min_size": 1,
            "mixed_instances_policy": [],
            "name": "web-tier-asg",
            "name_prefix": null,
            "placement_group": "",
            "protect_from_scale_in": false,
            "service_linked_role_arn": "arn:aws:iam::889473501810:role/aws-service-role/autoscaling.amazonaws.com/AWSServiceRoleForAutoScaling",
            "suspended_processes": null,
            "tag": [
              {
                "key": "Name",
                "propagate_at_launch": true,
                "value": "web-tier-asg"
              }
            ],
            "tags": null,
            "target_group_arns": [
              "arn:aws:elasticloadbalancing:us-west-1:889473501810:targetgroup/web-tier-tg/046cbeee3eea5818"
            ],
            "termination_policies": null,
            "timeouts": null,
            "vpc_zone_identifier": [
              "subnet-0166320b56ea2c7c3",
              "subnet-02246346e41f26b7b"
            ],
            "wait_for_capacity_timeout": "10m",
            "wait_for_elb_capacity": null
          },
          "private": "eyJlMmJmYjczMC1lY2FhLTExZTYtOGY4OC0zNDM2M2JjN2M0YzAiOnsiZGVsZXRlIjo2MDAwMDAwMDAwMDB9fQ==",
          "dependencies": [
            "aws_iam_instance_profile.s3-profile",
            "aws_iam_role.s3-role",
            "aws_launch_configuration.web-tier-lc",
            "aws_lb_target_group.web-tier-tg",
            "aws_security_group.web-tier-sg"
          ]
        }
      ]
    },
    {
      "mode": "managed",
      "type": "aws_autoscaling_policy",
      "name": "web-tier-cpu-policy-scaledown",
      "provider": "provider.aws",
      "instances": [
        {
          "schema_version": 0,
          "attributes": {
            "adjustment_type": "ChangeInCapacity",
            "arn": "arn:aws:autoscaling:us-west-1:889473501810:scalingPolicy:4ba94c6c-b093-4e39-acab-a8ca17c1b1b4:autoScalingGroupName/web-tier-asg:policyName/web-tier-cpu-policy-scaledown",
            "autoscaling_group_name": "web-tier-asg",
            "cooldown": 300,
            "estimated_instance_warmup": 0,
            "id": "web-tier-cpu-policy-scaledown",
            "metric_aggregation_type": "",
            "min_adjustment_magnitude": null,
            "name": "web-tier-cpu-policy-scaledown",
            "policy_type": "SimpleScaling",
            "scaling_adjustment": -1,
            "step_adjustment": [],
            "target_tracking_configuration": []
          },
          "private": "bnVsbA==",
          "dependencies": [
            "aws_autoscaling_group.web-tier-asg",
            "aws_iam_instance_profile.s3-profile",
            "aws_iam_role.s3-role",
            "aws_launch_configuration.web-tier-lc",
            "aws_lb_target_group.web-tier-tg",
            "aws_security_group.web-tier-sg"
          ]
        }
      ]
    },
    {
      "mode": "managed",
      "type": "aws_autoscaling_policy",
      "name": "web-tier-sp",
      "provider": "provider.aws",
      "instances": [
        {
          "schema_version": 0,
          "attributes": {
            "adjustment_type": "ChangeInCapacity",
            "arn": "arn:aws:autoscaling:us-west-1:889473501810:scalingPolicy:8c2cb0f5-3117-433c-93fb-5eee900324a7:autoScalingGroupName/web-tier-asg:policyName/web-tier-cpu-policy",
            "autoscaling_group_name": "web-tier-asg",
            "cooldown": 300,
            "estimated_instance_warmup": 0,
            "id": "web-tier-cpu-policy",
            "metric_aggregation_type": "",
            "min_adjustment_magnitude": null,
            "name": "web-tier-cpu-policy",
            "policy_type": "SimpleScaling",
            "scaling_adjustment": 1,
            "step_adjustment": [],
            "target_tracking_configuration": []
          },
          "private": "bnVsbA==",
          "dependencies": [
            "aws_autoscaling_group.web-tier-asg",
            "aws_iam_instance_profile.s3-profile",
            "aws_iam_role.s3-role",
            "aws_launch_configuration.web-tier-lc",
            "aws_lb_target_group.web-tier-tg",
            "aws_security_group.web-tier-sg"
          ]
        }
      ]
    },
    {
      "mode": "managed",
      "type": "aws_cloudwatch_metric_alarm",
      "name": "cpu-alarm",
      "provider": "provider.aws",
      "instances": [
        {
          "schema_version": 1,
          "attributes": {
            "actions_enabled": true,
            "alarm_actions": [
              "arn:aws:autoscaling:us-west-1:889473501810:scalingPolicy:8c2cb0f5-3117-433c-93fb-5eee900324a7:autoScalingGroupName/web-tier-asg:policyName/web-tier-cpu-policy"
            ],
            "alarm_description": "web-tier-scaleup-cpu-alarm",
            "alarm_name": "cpu-alarm",
            "arn": "arn:aws:cloudwatch:us-west-1:889473501810:alarm:cpu-alarm",
            "comparison_operator": "GreaterThanOrEqualToThreshold",
            "datapoints_to_alarm": 0,
            "dimensions": {
              "AutoScalingGroupName": "web-tier-asg"
            },
            "evaluate_low_sample_count_percentiles": "",
            "evaluation_periods": 2,
            "extended_statistic": "",
            "id": "cpu-alarm",
            "insufficient_data_actions": null,
            "metric_name": "CPUUtilization",
            "metric_query": [],
            "namespace": "AWS/EC2",
            "ok_actions": null,
            "period": 120,
            "statistic": "Average",
            "tags": null,
            "threshold": 60,
            "threshold_metric_id": "",
            "treat_missing_data": "missing",
            "unit": ""
          },
          "private": "eyJzY2hlbWFfdmVyc2lvbiI6IjEifQ==",
          "dependencies": [
            "aws_autoscaling_group.web-tier-asg",
            "aws_autoscaling_policy.web-tier-sp",
            "aws_iam_instance_profile.s3-profile",
            "aws_iam_role.s3-role",
            "aws_launch_configuration.web-tier-lc",
            "aws_lb_target_group.web-tier-tg",
            "aws_security_group.web-tier-sg"
          ]
        }
      ]
    },
    {
      "mode": "managed",
      "type": "aws_cloudwatch_metric_alarm",
      "name": "cpu-up-alarm-sms",
      "provider": "provider.aws",
      "instances": [
        {
          "schema_version": 1,
          "attributes": {
            "actions_enabled": true,
            "alarm_actions": [
              "arn:aws:sns:us-west-1:889473501810:sms-as-alarm-topic"
            ],
            "alarm_description": "web-tier-scaleup-cpu-alarm",
            "alarm_name": "cpu-alarm-to-send-sms-toRady",
            "arn": "arn:aws:cloudwatch:us-west-1:889473501810:alarm:cpu-alarm-to-send-sms-toRady",
            "comparison_operator": "GreaterThanOrEqualToThreshold",
            "datapoints_to_alarm": 0,
            "dimensions": {
              "AutoScalingGroupName": "web-tier-asg"
            },
            "evaluate_low_sample_count_percentiles": "",
            "evaluation_periods": 2,
            "extended_statistic": "",
            "id": "cpu-alarm-to-send-sms-toRady",
            "insufficient_data_actions": null,
            "metric_name": "CPUUtilization",
            "metric_query": [],
            "namespace": "AWS/EC2",
            "ok_actions": null,
            "period": 120,
            "statistic": "Average",
            "tags": null,
            "threshold": 60,
            "threshold_metric_id": "",
            "treat_missing_data": "missing",
            "unit": ""
          },
          "private": "eyJzY2hlbWFfdmVyc2lvbiI6IjEifQ==",
          "dependencies": [
            "aws_autoscaling_group.web-tier-asg",
            "aws_iam_instance_profile.s3-profile",
            "aws_iam_role.s3-role",
            "aws_launch_configuration.web-tier-lc",
            "aws_lb_target_group.web-tier-tg",
            "aws_security_group.web-tier-sg",
            "aws_sns_topic.scale-up-sms"
          ]
        }
      ]
    },
    {
      "mode": "managed",
      "type": "aws_cloudwatch_metric_alarm",
      "name": "error-400-alarm",
      "provider": "provider.aws",
      "instances": [
        {
          "schema_version": 1,
          "attributes": {
            "actions_enabled": true,
            "alarm_actions": [
              "arn:aws:sns:us-west-1:889473501810:alarms-topic"
            ],
            "alarm_description": "This metric monitors http errors 400",
            "alarm_name": "error-400-alarm",
            "arn": "arn:aws:cloudwatch:us-west-1:889473501810:alarm:error-400-alarm",
            "comparison_operator": "GreaterThanThreshold",
            "datapoints_to_alarm": 0,
            "dimensions": {
              "LoadBalancer": "app/web-tier-lb/f6e8139a2384898e"
            },
            "evaluate_low_sample_count_percentiles": "",
            "evaluation_periods": 2,
            "extended_statistic": "",
            "id": "error-400-alarm",
            "insufficient_data_actions": null,
            "metric_name": "HTTPCode_ELB_400_Count",
            "metric_query": [],
            "namespace": "AWS/ApplicationELB",
            "ok_actions": null,
            "period": 60,
            "statistic": "Sum",
            "tags": null,
            "threshold": 100,
            "threshold_metric_id": "",
            "treat_missing_data": "missing",
            "unit": ""
          },
          "private": "eyJzY2hlbWFfdmVyc2lvbiI6IjEifQ==",
          "dependencies": [
            "aws_lb.web-tier-lb",
            "aws_security_group.web-tier-sg",
            "aws_sns_topic.error-400-alarm"
          ]
        }
      ]
    },
    {
      "mode": "managed",
      "type": "aws_cloudwatch_metric_alarm",
      "name": "examplweb-tier-cpu-alarm-scaledown",
      "provider": "provider.aws",
      "instances": [
        {
          "schema_version": 1,
          "attributes": {
            "actions_enabled": true,
            "alarm_actions": [
              "arn:aws:autoscaling:us-west-1:889473501810:scalingPolicy:4ba94c6c-b093-4e39-acab-a8ca17c1b1b4:autoScalingGroupName/web-tier-asg:policyName/web-tier-cpu-policy-scaledown"
            ],
            "alarm_description": "low-cpu-alarm-scaledown",
            "alarm_name": "web-tier-cpu-alarm-scaledown",
            "arn": "arn:aws:cloudwatch:us-west-1:889473501810:alarm:web-tier-cpu-alarm-scaledown",
            "comparison_operator": "LessThanOrEqualToThreshold",
            "datapoints_to_alarm": 0,
            "dimensions": {
              "AutoScalingGroupName": "web-tier-asg"
            },
            "evaluate_low_sample_count_percentiles": "",
            "evaluation_periods": 2,
            "extended_statistic": "",
            "id": "web-tier-cpu-alarm-scaledown",
            "insufficient_data_actions": null,
            "metric_name": "CPUUtilization",
            "metric_query": [],
            "namespace": "AWS/EC2",
            "ok_actions": null,
            "period": 120,
            "statistic": "Average",
            "tags": null,
            "threshold": 50,
            "threshold_metric_id": "",
            "treat_missing_data": "missing",
            "unit": ""
          },
          "private": "eyJzY2hlbWFfdmVyc2lvbiI6IjEifQ==",
          "dependencies": [
            "aws_autoscaling_group.web-tier-asg",
            "aws_autoscaling_policy.web-tier-cpu-policy-scaledown",
            "aws_iam_instance_profile.s3-profile",
            "aws_iam_role.s3-role",
            "aws_launch_configuration.web-tier-lc",
            "aws_lb_target_group.web-tier-tg",
            "aws_security_group.web-tier-sg"
          ]
        }
      ]
    },
    {
      "mode": "managed",
      "type": "aws_iam_instance_profile",
      "name": "s3-profile",
      "provider": "provider.aws",
      "instances": [
        {
          "schema_version": 0,
          "attributes": {
            "arn": "arn:aws:iam::889473501810:instance-profile/s3-access-profile",
            "create_date": "2020-09-01T22:02:55Z",
            "id": "s3-access-profile",
            "name": "s3-access-profile",
            "name_prefix": null,
            "path": "/",
            "role": "test_role",
            "unique_id": "AIPA46GGARJZHNYPTKNAO"
          },
          "private": "bnVsbA==",
          "dependencies": [
            "aws_iam_role.s3-role"
          ]
        }
      ]
    },
    {
      "mode": "managed",
      "type": "aws_iam_policy",
      "name": "s3-policy",
      "provider": "provider.aws",
      "instances": [
        {
          "schema_version": 0,
          "attributes": {
            "arn": "arn:aws:iam::889473501810:policy/s3-access-policy",
            "description": "My s3 policy",
            "id": "arn:aws:iam::889473501810:policy/s3-access-policy",
            "name": "s3-access-policy",
            "name_prefix": null,
            "path": "/",
            "policy": "{\r\n  \"Version\": \"2012-10-17\",\r\n  \"Statement\": [\r\n    {\r\n      \"Action\": [\r\n        \"s3:*\"\r\n      ],\r\n      \"Effect\": \"Allow\",\r\n      \"Resource\": [\r\n          \"arn:aws:s3:::raduchoio-bucket-102\",\r\n          \"arn:aws:s3:::raduchoio-bucket-102/*\"\r\n      ]\r\n    }\r\n  ]\r\n}\r\n"
          },
          "private": "bnVsbA==",
          "dependencies": [
            "aws_s3_bucket.gogreen"
          ]
        }
      ]
    },
    {
      "mode": "managed",
      "type": "aws_iam_role",
      "name": "s3-role",
      "provider": "provider.aws",
      "instances": [
        {
          "schema_version": 0,
          "attributes": {
            "arn": "arn:aws:iam::889473501810:role/test_role",
            "assume_role_policy": "{\"Version\":\"2012-10-17\",\"Statement\":[{\"Sid\":\"\",\"Effect\":\"Allow\",\"Principal\":{\"Service\":\"ec2.amazonaws.com\"},\"Action\":\"sts:AssumeRole\"}]}",
            "create_date": "2020-09-01T22:02:55Z",
            "description": "",
            "force_detach_policies": false,
            "id": "test_role",
            "max_session_duration": 3600,
            "name": "test_role",
            "name_prefix": null,
            "path": "/",
            "permissions_boundary": null,
            "tags": {
              "name": "web-tier-s3-access"
            },
            "unique_id": "AROA46GGARJZE6H77XWDQ"
          },
          "private": "bnVsbA=="
        }
      ]
    },
    {
      "mode": "managed",
      "type": "aws_iam_role_policy_attachment",
      "name": "s3-attach",
      "provider": "provider.aws",
      "instances": [
        {
          "schema_version": 0,
          "attributes": {
            "id": "test_role-20200901220305700200000001",
            "policy_arn": "arn:aws:iam::889473501810:policy/s3-access-policy",
            "role": "test_role"
          },
          "private": "bnVsbA==",
          "dependencies": [
            "aws_iam_policy.s3-policy",
            "aws_iam_role.s3-role",
            "aws_s3_bucket.gogreen"
          ]
        }
      ]
    },
    {
      "mode": "managed",
      "type": "aws_launch_configuration",
      "name": "web-tier-lc",
      "provider": "provider.aws",
      "instances": [
        {
          "schema_version": 0,
          "attributes": {
            "arn": "arn:aws:autoscaling:us-west-1:889473501810:launchConfiguration:3eb31995-cf41-4b4b-b45d-594f59e4148f:launchConfigurationName/web-tier-lc",
            "associate_public_ip_address": false,
            "ebs_block_device": [],
            "ebs_optimized": false,
            "enable_monitoring": true,
            "ephemeral_block_device": [],
            "iam_instance_profile": "s3-access-profile",
            "id": "web-tier-lc",
            "image_id": "ami-05655c267c89566dd",
            "instance_type": "t2.micro",
            "key_name": "CA_key",
            "name": "web-tier-lc",
            "name_prefix": null,
            "placement_tenancy": null,
            "root_block_device": [],
            "security_groups": [
              "sg-0777574d96255e94a"
            ],
            "spot_price": "",
            "user_data": "b39cb5d8442c08df30f4d4e319e6c0c973b6e268",
            "user_data_base64": null,
            "vpc_classic_link_id": "",
            "vpc_classic_link_security_groups": null
          },
          "private": "bnVsbA==",
          "dependencies": [
            "aws_iam_instance_profile.s3-profile",
            "aws_iam_role.s3-role",
            "aws_security_group.web-tier-sg"
          ]
        }
      ]
    },
    {
      "mode": "managed",
      "type": "aws_lb",
      "name": "web-tier-lb",
      "provider": "provider.aws",
      "instances": [
        {
          "schema_version": 0,
          "attributes": {
            "access_logs": [
              {
                "bucket": "",
                "enabled": false,
                "prefix": ""
              }
            ],
            "arn": "arn:aws:elasticloadbalancing:us-west-1:889473501810:loadbalancer/app/web-tier-lb/f6e8139a2384898e",
            "arn_suffix": "app/web-tier-lb/f6e8139a2384898e",
            "dns_name": "web-tier-lb-685680400.us-west-1.elb.amazonaws.com",
            "drop_invalid_header_fields": false,
            "enable_cross_zone_load_balancing": null,
            "enable_deletion_protection": false,
            "enable_http2": true,
            "id": "arn:aws:elasticloadbalancing:us-west-1:889473501810:loadbalancer/app/web-tier-lb/f6e8139a2384898e",
            "idle_timeout": 60,
            "internal": false,
            "ip_address_type": "ipv4",
            "load_balancer_type": "application",
            "name": "web-tier-lb",
            "name_prefix": null,
            "security_groups": [
              "sg-0777574d96255e94a"
            ],
            "subnet_mapping": [
              {
                "allocation_id": "",
                "private_ipv4_address": "",
                "subnet_id": "subnet-0166320b56ea2c7c3"
              },
              {
                "allocation_id": "",
                "private_ipv4_address": "",
                "subnet_id": "subnet-02246346e41f26b7b"
              }
            ],
            "subnets": [
              "subnet-0166320b56ea2c7c3",
              "subnet-02246346e41f26b7b"
            ],
            "tags": {
              "Environment": "production"
            },
            "timeouts": null,
            "vpc_id": "vpc-0597074cbd4d61848",
            "zone_id": "Z368ELLRRE2KJ0"
          },
          "private": "eyJlMmJmYjczMC1lY2FhLTExZTYtOGY4OC0zNDM2M2JjN2M0YzAiOnsiY3JlYXRlIjo2MDAwMDAwMDAwMDAsImRlbGV0ZSI6NjAwMDAwMDAwMDAwLCJ1cGRhdGUiOjYwMDAwMDAwMDAwMH19",
          "dependencies": [
            "aws_security_group.web-tier-sg"
          ]
        }
      ]
    },
    {
      "mode": "managed",
      "type": "aws_lb_listener",
      "name": "web-lb-listener",
      "provider": "provider.aws",
      "instances": [
        {
          "schema_version": 0,
          "attributes": {
            "arn": "arn:aws:elasticloadbalancing:us-west-1:889473501810:listener/app/web-tier-lb/f6e8139a2384898e/7aab1be0b3b312ea",
            "certificate_arn": null,
            "default_action": [
              {
                "authenticate_cognito": [],
                "authenticate_oidc": [],
                "fixed_response": [],
                "forward": [],
                "order": 1,
                "redirect": [],
                "target_group_arn": "arn:aws:elasticloadbalancing:us-west-1:889473501810:targetgroup/web-tier-tg/046cbeee3eea5818",
                "type": "forward"
              }
            ],
            "id": "arn:aws:elasticloadbalancing:us-west-1:889473501810:listener/app/web-tier-lb/f6e8139a2384898e/7aab1be0b3b312ea",
            "load_balancer_arn": "arn:aws:elasticloadbalancing:us-west-1:889473501810:loadbalancer/app/web-tier-lb/f6e8139a2384898e",
            "port": 80,
            "protocol": "HTTP",
            "ssl_policy": "",
            "timeouts": null
          },
          "private": "eyJlMmJmYjczMC1lY2FhLTExZTYtOGY4OC0zNDM2M2JjN2M0YzAiOnsicmVhZCI6NjAwMDAwMDAwMDAwfX0=",
          "dependencies": [
            "aws_lb.web-tier-lb",
            "aws_lb_target_group.web-tier-tg",
            "aws_security_group.web-tier-sg"
          ]
        }
      ]
    },
    {
      "mode": "managed",
      "type": "aws_lb_listener_rule",
      "name": "host_based_weighted_routing",
      "provider": "provider.aws",
      "instances": [
        {
          "schema_version": 0,
          "attributes": {
            "action": [
              {
                "authenticate_cognito": [],
                "authenticate_oidc": [],
                "fixed_response": [],
                "forward": [],
                "order": 1,
                "redirect": [],
                "target_group_arn": "arn:aws:elasticloadbalancing:us-west-1:889473501810:targetgroup/web-tier-tg/046cbeee3eea5818",
                "type": "forward"
              }
            ],
            "arn": "arn:aws:elasticloadbalancing:us-west-1:889473501810:listener-rule/app/web-tier-lb/f6e8139a2384898e/7aab1be0b3b312ea/1815541d6d15d5ed",
            "condition": [
              {
                "host_header": [],
                "http_header": [],
                "http_request_method": [],
                "path_pattern": [
                  {
                    "values": [
                      "/static/*"
                    ]
                  }
                ],
                "query_string": [],
                "source_ip": []
              }
            ],
            "id": "arn:aws:elasticloadbalancing:us-west-1:889473501810:listener-rule/app/web-tier-lb/f6e8139a2384898e/7aab1be0b3b312ea/1815541d6d15d5ed",
            "listener_arn": "arn:aws:elasticloadbalancing:us-west-1:889473501810:listener/app/web-tier-lb/f6e8139a2384898e/7aab1be0b3b312ea",
            "priority": 100
          },
          "private": "bnVsbA==",
          "dependencies": [
            "aws_lb.web-tier-lb",
            "aws_lb_listener.web-lb-listener",
            "aws_lb_target_group.web-tier-tg",
            "aws_security_group.web-tier-sg"
          ]
        }
      ]
    },
    {
      "mode": "managed",
      "type": "aws_lb_target_group",
      "name": "web-tier-tg",
      "provider": "provider.aws",
      "instances": [
        {
          "schema_version": 0,
          "attributes": {
            "arn": "arn:aws:elasticloadbalancing:us-west-1:889473501810:targetgroup/web-tier-tg/046cbeee3eea5818",
            "arn_suffix": "targetgroup/web-tier-tg/046cbeee3eea5818",
            "deregistration_delay": 300,
            "health_check": [
              {
                "enabled": true,
                "healthy_threshold": 3,
                "interval": 10,
                "matcher": "200-320",
                "path": "/",
                "port": "traffic-port",
                "protocol": "HTTP",
                "timeout": 5,
                "unhealthy_threshold": 10
              }
            ],
            "id": "arn:aws:elasticloadbalancing:us-west-1:889473501810:targetgroup/web-tier-tg/046cbeee3eea5818",
            "lambda_multi_value_headers_enabled": false,
            "load_balancing_algorithm_type": "round_robin",
            "name": "web-tier-tg",
            "name_prefix": null,
            "port": 80,
            "protocol": "HTTP",
            "proxy_protocol_v2": false,
            "slow_start": 0,
            "stickiness": [
              {
                "cookie_duration": 86400,
                "enabled": false,
                "type": "lb_cookie"
              }
            ],
            "tags": {
              "name": "web-tier-tg"
            },
            "target_type": "instance",
            "vpc_id": "vpc-0597074cbd4d61848"
          },
          "private": "bnVsbA=="
        }
      ]
    },
    {
      "mode": "managed",
      "type": "aws_s3_bucket",
      "name": "gogreen",
      "provider": "provider.aws",
      "instances": [
        {
          "schema_version": 0,
          "attributes": {
            "acceleration_status": "",
            "acl": "private",
            "arn": "arn:aws:s3:::raduchoio-bucket-102",
            "bucket": "raduchoio-bucket-102",
            "bucket_domain_name": "raduchoio-bucket-102.s3.amazonaws.com",
            "bucket_prefix": null,
            "bucket_regional_domain_name": "raduchoio-bucket-102.s3.us-west-1.amazonaws.com",
            "cors_rule": [],
            "force_destroy": false,
            "grant": [],
            "hosted_zone_id": "Z2F56UZL2M1ACD",
            "id": "raduchoio-bucket-102",
            "lifecycle_rule": [],
            "logging": [],
            "object_lock_configuration": [],
            "policy": null,
            "region": "us-west-1",
            "replication_configuration": [],
            "request_payer": "BucketOwner",
            "server_side_encryption_configuration": [],
            "tags": {
              "Environment": "dev",
              "Name": "My tf bucket"
            },
            "versioning": [
              {
                "enabled": false,
                "mfa_delete": false
              }
            ],
            "website": [],
            "website_domain": null,
            "website_endpoint": null
          },
          "private": "bnVsbA=="
        }
      ]
    },
    {
      "mode": "managed",
      "type": "aws_security_group",
      "name": "web-tier-sg",
      "provider": "provider.aws",
      "instances": [
        {
          "schema_version": 1,
          "attributes": {
            "arn": "arn:aws:ec2:us-west-1:889473501810:security-group/sg-0777574d96255e94a",
            "description": "Used in the terraform",
            "egress": [
              {
                "cidr_blocks": [
                  "0.0.0.0/0"
                ],
                "description": "",
                "from_port": 0,
                "ipv6_cidr_blocks": [],
                "prefix_list_ids": [],
                "protocol": "-1",
                "security_groups": [],
                "self": false,
                "to_port": 0
              }
            ],
            "id": "sg-0777574d96255e94a",
            "ingress": [
              {
                "cidr_blocks": [
                  "0.0.0.0/0"
                ],
                "description": "",
                "from_port": 22,
                "ipv6_cidr_blocks": [],
                "prefix_list_ids": [],
                "protocol": "tcp",
                "security_groups": [],
                "self": false,
                "to_port": 22
              },
              {
                "cidr_blocks": [
                  "0.0.0.0/0"
                ],
                "description": "",
                "from_port": 443,
                "ipv6_cidr_blocks": [],
                "prefix_list_ids": [],
                "protocol": "tcp",
                "security_groups": [],
                "self": false,
                "to_port": 443
              },
              {
                "cidr_blocks": [
                  "0.0.0.0/0"
                ],
                "description": "",
                "from_port": 80,
                "ipv6_cidr_blocks": [],
                "prefix_list_ids": [],
                "protocol": "tcp",
                "security_groups": [],
                "self": false,
                "to_port": 80
              }
            ],
            "name": "web-tier-sg",
            "name_prefix": "",
            "owner_id": "889473501810",
            "revoke_rules_on_delete": false,
            "tags": {
              "Name": "web-tier-sg"
            },
            "timeouts": null,
            "vpc_id": "vpc-0597074cbd4d61848"
          },
          "private": "eyJlMmJmYjczMC1lY2FhLTExZTYtOGY4OC0zNDM2M2JjN2M0YzAiOnsiY3JlYXRlIjo2MDAwMDAwMDAwMDAsImRlbGV0ZSI6NjAwMDAwMDAwMDAwfSwic2NoZW1hX3ZlcnNpb24iOiIxIn0="
        }
      ]
    },
    {
      "mode": "managed",
      "type": "aws_sns_topic",
      "name": "error-400-alarm",
      "provider": "provider.aws",
      "instances": [
        {
          "schema_version": 0,
          "attributes": {
            "application_failure_feedback_role_arn": "",
            "application_success_feedback_role_arn": "",
            "application_success_feedback_sample_rate": null,
            "arn": "arn:aws:sns:us-west-1:889473501810:alarms-topic",
            "delivery_policy": "{\"http\":{\"defaultHealthyRetryPolicy\":{\"minDelayTarget\":20,\"maxDelayTarget\":20,\"numRetries\":3,\"numMaxDelayRetries\":0,\"numNoDelayRetries\":0,\"numMinDelayRetries\":0,\"backoffFunction\":\"linear\"},\"disableSubscriptionOverrides\":false,\"defaultThrottlePolicy\":{\"maxReceivesPerSecond\":1}}}",
            "display_name": "",
            "http_failure_feedback_role_arn": "",
            "http_success_feedback_role_arn": "",
            "http_success_feedback_sample_rate": null,
            "id": "arn:aws:sns:us-west-1:889473501810:alarms-topic",
            "kms_master_key_id": "",
            "lambda_failure_feedback_role_arn": "",
            "lambda_success_feedback_role_arn": "",
            "lambda_success_feedback_sample_rate": null,
            "name": "alarms-topic",
            "name_prefix": null,
            "policy": "{\"Version\":\"2008-10-17\",\"Id\":\"__default_policy_ID\",\"Statement\":[{\"Sid\":\"__default_statement_ID\",\"Effect\":\"Allow\",\"Principal\":{\"AWS\":\"*\"},\"Action\":[\"SNS:GetTopicAttributes\",\"SNS:SetTopicAttributes\",\"SNS:AddPermission\",\"SNS:RemovePermission\",\"SNS:DeleteTopic\",\"SNS:Subscribe\",\"SNS:ListSubscriptionsByTopic\",\"SNS:Publish\",\"SNS:Receive\"],\"Resource\":\"arn:aws:sns:us-west-1:889473501810:alarms-topic\",\"Condition\":{\"StringEquals\":{\"AWS:SourceOwner\":\"889473501810\"}}}]}",
            "sqs_failure_feedback_role_arn": "",
            "sqs_success_feedback_role_arn": "",
            "sqs_success_feedback_sample_rate": null,
            "tags": null
          },
          "private": "bnVsbA=="
        }
      ]
    },
    {
      "mode": "managed",
      "type": "aws_sns_topic",
      "name": "scale-up-sms",
      "provider": "provider.aws",
      "instances": [
        {
          "schema_version": 0,
          "attributes": {
            "application_failure_feedback_role_arn": "",
            "application_success_feedback_role_arn": "",
            "application_success_feedback_sample_rate": null,
            "arn": "arn:aws:sns:us-west-1:889473501810:sms-as-alarm-topic",
            "delivery_policy": "",
            "display_name": "",
            "http_failure_feedback_role_arn": "",
            "http_success_feedback_role_arn": "",
            "http_success_feedback_sample_rate": null,
            "id": "arn:aws:sns:us-west-1:889473501810:sms-as-alarm-topic",
            "kms_master_key_id": "",
            "lambda_failure_feedback_role_arn": "",
            "lambda_success_feedback_role_arn": "",
            "lambda_success_feedback_sample_rate": null,
            "name": "sms-as-alarm-topic",
            "name_prefix": null,
            "policy": "{\"Version\":\"2008-10-17\",\"Id\":\"__default_policy_ID\",\"Statement\":[{\"Sid\":\"__default_statement_ID\",\"Effect\":\"Allow\",\"Principal\":{\"AWS\":\"*\"},\"Action\":[\"SNS:GetTopicAttributes\",\"SNS:SetTopicAttributes\",\"SNS:AddPermission\",\"SNS:RemovePermission\",\"SNS:DeleteTopic\",\"SNS:Subscribe\",\"SNS:ListSubscriptionsByTopic\",\"SNS:Publish\",\"SNS:Receive\"],\"Resource\":\"arn:aws:sns:us-west-1:889473501810:sms-as-alarm-topic\",\"Condition\":{\"StringEquals\":{\"AWS:SourceOwner\":\"889473501810\"}}}]}",
            "sqs_failure_feedback_role_arn": "",
            "sqs_success_feedback_role_arn": "",
            "sqs_success_feedback_sample_rate": null,
            "tags": null
          },
          "private": "bnVsbA=="
        }
      ]
    },
    {
      "mode": "managed",
      "type": "aws_sns_topic_subscription",
      "name": "admin-sms-error",
      "provider": "provider.aws",
      "instances": [
        {
          "schema_version": 0,
          "attributes": {
            "arn": "arn:aws:sns:us-west-1:889473501810:alarms-topic:4e8b1645-6ef3-4f69-a135-d5d2fa5b0bcd",
            "confirmation_timeout_in_minutes": 1,
            "delivery_policy": "",
            "endpoint": "+17033091494",
            "endpoint_auto_confirms": false,
            "filter_policy": "",
            "id": "arn:aws:sns:us-west-1:889473501810:alarms-topic:4e8b1645-6ef3-4f69-a135-d5d2fa5b0bcd",
            "protocol": "sms",
            "raw_message_delivery": false,
            "topic_arn": "arn:aws:sns:us-west-1:889473501810:alarms-topic"
          },
          "private": "bnVsbA==",
          "dependencies": [
            "aws_sns_topic.error-400-alarm"
          ]
        }
      ]
    },
    {
      "mode": "managed",
      "type": "aws_sns_topic_subscription",
      "name": "send-sms-autoscaling",
      "provider": "provider.aws",
      "instances": [
        {
          "schema_version": 0,
          "attributes": {
            "arn": "arn:aws:sns:us-west-1:889473501810:sms-as-alarm-topic:fbb96c12-d4da-4b07-8558-899b15886808",
            "confirmation_timeout_in_minutes": 1,
            "delivery_policy": "",
            "endpoint": "+17033091494",
            "endpoint_auto_confirms": false,
            "filter_policy": "",
            "id": "arn:aws:sns:us-west-1:889473501810:sms-as-alarm-topic:fbb96c12-d4da-4b07-8558-899b15886808",
            "protocol": "sms",
            "raw_message_delivery": false,
            "topic_arn": "arn:aws:sns:us-west-1:889473501810:sms-as-alarm-topic"
          },
          "private": "bnVsbA==",
          "dependencies": [
            "aws_sns_topic.scale-up-sms"
          ]
        }
      ]
    }
  ]
}
